# THIS IS AN AUTOGENERATED FILE. DO NOT EDIT THIS FILE DIRECTLY.
# yarn lockfile v1


"@websh/remote-slave-port@^0.1.0":
  version "0.1.0"
  resolved "https://registry.yarnpkg.com/@websh/remote-slave-port/-/remote-slave-port-0.1.0.tgz#72527b593dee0b508516e38561d5c934100bc98b"
  integrity sha512-CuU25eatFuQKEWfiSr90FKusBPrnGXB794Hhjlt4Lmp/SgJtVgIDR5jt7PpJbzdXXV1AeTPiRcx2053CwMZGyA==
